<?xml version="1.0" encoding="utf-8"?>
<Project ToolsVersion="4.0" xmlns="http://schemas.microsoft.com/developer/msbuild/2003">
  <ItemGroup>
    <Filter Include="Header">
      <UniqueIdentifier>{93995380-89BD-4b04-88EB-625FBE52EBFB}</UniqueIdentifier>
      <Extensions>h;hh;hpp;hxx;h++;hm;inl;inc;ipp;xsd</Extensions>
    </Filter>
    <Filter Include="Resource">
      <UniqueIdentifier>{67DA6AB6-F800-4c08-8B7A-83BB121AAD01}</UniqueIdentifier>
      <Extensions>rc;ico;cur;bmp;dlg;rc2;rct;bin;rgs;gif;jpg;jpeg;jpe;resx;tiff;tif;png;wav;mfcribbon-ms</Extensions>
    </Filter>
    <Filter Include="Source">
      <UniqueIdentifier>{4FC737F1-C7A5-4376-A066-2A32D752A2FF}</UniqueIdentifier>
      <Extensions>cpp;c;cc;cxx;c++;cppm;ixx;def;odl;idl;hpj;bat;asm;asmx</Extensions>
    </Filter>
    <Filter Include="Shader">
      <UniqueIdentifier>{f3891f9b-1ca8-41da-89ce-dc8e1c233c4e}</UniqueIdentifier>
    </Filter>
  </ItemGroup>
  <ItemGroup>
    <ClInclude Include="Header\Audio.h">
      <Filter>Header</Filter>
    </ClInclude>
    <ClInclude Include="Header\DX12.h">
      <Filter>Header</Filter>
    </ClInclude>
    <ClInclude Include="Header\framework.h">
      <Filter>Header</Filter>
    </ClInclude>
    <ClInclude Include="Header\Game.h">
      <Filter>Header</Filter>
    </ClInclude>
    <ClInclude Include="Header\Resource.h">
      <Filter>Header</Filter>
    </ClInclude>
    <ClInclude Include="Header\targetver.h">
      <Filter>Header</Filter>
    </ClInclude>
    <ClInclude Include="Header\Timer.h">
      <Filter>Header</Filter>
    </ClInclude>
    <ClInclude Include="Header\Geometry.h">
      <Filter>Header</Filter>
    </ClInclude>
    <ClInclude Include="Header\Maths.h">
      <Filter>Header</Filter>
    </ClInclude>
    <ClInclude Include="Header\Upload.h">
      <Filter>Header</Filter>
    </ClInclude>
    <ClInclude Include="Header\Util.h">
      <Filter>Header</Filter>
    </ClInclude>
    <ClInclude Include="Header\Struct.h">
      <Filter>Header</Filter>
    </ClInclude>
    <ClInclude Include="Header\Tga.h">
      <Filter>Header</Filter>
    </ClInclude>
    <ClInclude Include="Header\Tex.h">
      <Filter>Header</Filter>
    </ClInclude>
    <ClInclude Include="Header\FrameResource.h">
      <Filter>Header</Filter>
    </ClInclude>
    <ClInclude Include="Header\Camera.h">
      <Filter>Header</Filter>
    </ClInclude>
  </ItemGroup>
  <ItemGroup>
    <Image Include="Resource\DX12.ico">
      <Filter>Resource</Filter>
    </Image>
    <Image Include="Resource\small.ico">
      <Filter>Resource</Filter>
    </Image>
  </ItemGroup>
  <ItemGroup>
    <ResourceCompile Include="Resource\DX12.rc">
      <Filter>Resource</Filter>
    </ResourceCompile>
  </ItemGroup>
  <ItemGroup>
    <ClCompile Include="Source\Audio.cpp">
      <Filter>Source</Filter>
    </ClCompile>
    <ClCompile Include="Source\DX12.cpp">
      <Filter>Source</Filter>
    </ClCompile>
    <ClCompile Include="Source\Game.cpp">
      <Filter>Source</Filter>
    </ClCompile>
    <ClCompile Include="Source\Timer.cpp">
      <Filter>Source</Filter>
    </ClCompile>
    <ClCompile Include="Source\Geometry.cpp">
      <Filter>Source</Filter>
    </ClCompile>
    <ClCompile Include="Source\Maths.cpp">
      <Filter>Source</Filter>
    </ClCompile>
    <ClCompile Include="Source\Util.cpp">
      <Filter>Source</Filter>
    </ClCompile>
    <ClCompile Include="Source\Tga.cpp">
      <Filter>Source</Filter>
    </ClCompile>
    <ClCompile Include="Source\Tex.cpp">
      <Filter>Source</Filter>
    </ClCompile>
    <ClCompile Include="Source\FrameResource.cpp">
      <Filter>Source</Filter>
    </ClCompile>
    <ClCompile Include="Source\Camera.cpp">
      <Filter>Source</Filter>
    </ClCompile>
  </ItemGroup>
  <ItemGroup>
    <FxCompile Include="Shader\PS.hlsl">
      <Filter>Shader</Filter>
    </FxCompile>
    <FxCompile Include="Shader\VS.hlsl">
      <Filter>Shader</Filter>
    </FxCompile>
  </ItemGroup>
  <ItemGroup>
    <None Include="Shader\Struct.hlsli">
      <Filter>Shader</Filter>
    </None>
  </ItemGroup>
</Project>